<?xml version="1.0" encoding="utf-8"?>
<Project ToolsVersion="4.0" xmlns="http://schemas.microsoft.com/developer/msbuild/2003">
  <ItemGroup>
    <ClCompile Include="Flux.cpp" />
    <ClCompile Include="BaseClass.cpp" />
    <ClCompile Include="Node\FluxNode.cpp">
      <Filter>Node</Filter>
    </ClCompile>
    <ClCompile Include="Node\FluxVariable.cpp">
      <Filter>Node</Filter>
    </ClCompile>
    <ClCompile Include="Node\Holder\FluxHolder.cpp">
      <Filter>Node\Holder</Filter>
    </ClCompile>
    <ClCompile Include="Node\FluxFunction.cpp">
      <Filter>Node</Filter>
    </ClCompile>
    <ClCompile Include="FluxUniqueIdentifier.cpp" />
    <ClCompile Include="Node\FluxClass.cpp">
      <Filter>Node</Filter>
    </ClCompile>
    <ClCompile Include="Node\FunctionSource\FluxFunctionSource.cpp">
      <Filter>Node\FunctionSource</Filter>
    </ClCompile>
    <ClCompile Include="Node\FunctionSource\FluxFunctionSourceNode.cpp">
      <Filter>Node\FunctionSource</Filter>
    </ClCompile>
    <ClCompile Include="Node\Dependency\FluxDependency.cpp">
      <Filter>Node\Dependency</Filter>
    </ClCompile>
    <ClCompile Include="Node\Dependency\FluxDependencyManager.cpp">
      <Filter>Node\Dependency</Filter>
    </ClCompile>
    <ClCompile Include="Node\Dependency\FluxDependencyInterface.cpp">
      <Filter>Node\Dependency</Filter>
    </ClCompile>
    <ClCompile Include="Node\FluxRoot.cpp">
      <Filter>Node</Filter>
    </ClCompile>
    <ClCompile Include="Project\FluxProject.cpp">
      <Filter>Project</Filter>
    </ClCompile>
    <ClCompile Include="Project\FluxProjectManager.cpp">
      <Filter>Project</Filter>
    </ClCompile>
    <ClCompile Include="Project\FluxProjectArchiver.cpp">
      <Filter>Project</Filter>
    </ClCompile>
    <ClCompile Include="Node\Archiver\FluxNodeArchiver.cpp">
      <Filter>Node\Archiver</Filter>
    </ClCompile>
    <ClCompile Include="Node\Dependency\FluxDependencyUtils.cpp">
      <Filter>Node\Dependency</Filter>
    </ClCompile>
    <ClCompile Include="Node\Holder\FluxHolderUtils.cpp">
      <Filter>Node\Holder</Filter>
    </ClCompile>
    <ClCompile Include="Node\FluxEnum.cpp">
      <Filter>Node</Filter>
    </ClCompile>
    <ClCompile Include="Explorer\FluxExplorer.cpp">
      <Filter>Explorer</Filter>
    </ClCompile>
    <ClCompile Include="Explorer\File\FluxAddonFile.cpp">
      <Filter>Explorer\File</Filter>
    </ClCompile>
    <ClCompile Include="Explorer\File\FluxProjectFile.cpp">
      <Filter>Explorer\File</Filter>
    </ClCompile>
  </ItemGroup>
  <ItemGroup>
    <ClInclude Include="BaseClass.h" />
    <ClInclude Include="FluxConfig.h" />
    <ClInclude Include="Node\FluxNode.h">
      <Filter>Node</Filter>
    </ClInclude>
    <ClInclude Include="Node\FluxVariable.h">
      <Filter>Node</Filter>
    </ClInclude>
    <ClInclude Include="Node\Holder\FluxHolder.h">
      <Filter>Node\Holder</Filter>
    </ClInclude>
    <ClInclude Include="Node\FluxFunction.h">
      <Filter>Node</Filter>
    </ClInclude>
    <ClInclude Include="FluxUniqueIdentifier.h" />
    <ClInclude Include="Node\FluxClass.h">
      <Filter>Node</Filter>
    </ClInclude>
    <ClInclude Include="Node\FunctionSource\FluxFunctionSource.h">
      <Filter>Node\FunctionSource</Filter>
    </ClInclude>
    <ClInclude Include="Node\FunctionSource\FluxFunctionSourceNode.h">
      <Filter>Node\FunctionSource</Filter>
    </ClInclude>
    <ClInclude Include="Node\Dependency\FluxDependency.h">
      <Filter>Node\Dependency</Filter>
    </ClInclude>
    <ClInclude Include="Node\Dependency\FluxDependencyManager.h">
      <Filter>Node\Dependency</Filter>
    </ClInclude>
    <ClInclude Include="Node\Dependency\FluxDependencyInterface.h">
      <Filter>Node\Dependency</Filter>
    </ClInclude>
    <ClInclude Include="Node\FluxRoot.h">
      <Filter>Node</Filter>
    </ClInclude>
    <ClInclude Include="Project\FluxProject.h">
      <Filter>Project</Filter>
    </ClInclude>
    <ClInclude Include="Project\FluxProjectManager.h">
      <Filter>Project</Filter>
    </ClInclude>
    <ClInclude Include="Project\FluxProjectArchiver.h">
      <Filter>Project</Filter>
    </ClInclude>
    <ClInclude Include="Node\Archiver\FluxNodeArchiver.h">
      <Filter>Node\Archiver</Filter>
    </ClInclude>
    <ClInclude Include="Node\Dependency\FluxDependencyUtils.h">
      <Filter>Node\Dependency</Filter>
    </ClInclude>
    <ClInclude Include="Node\Holder\FluxHolderUtils.h">
      <Filter>Node\Holder</Filter>
    </ClInclude>
    <ClInclude Include="Node\FluxEnum.h">
      <Filter>Node</Filter>
    </ClInclude>
    <ClInclude Include="Explorer\FluxExplorer.h">
      <Filter>Explorer</Filter>
    </ClInclude>
    <ClInclude Include="Explorer\File\FluxAddonFile.h">
      <Filter>Explorer\File</Filter>
    </ClInclude>
    <ClInclude Include="Explorer\File\FluxProjectFile.h">
      <Filter>Explorer\File</Filter>
    </ClInclude>
  </ItemGroup>
  <ItemGroup>
    <Filter Include="Node">
      <UniqueIdentifier>{24147f0b-c540-48c5-8f9f-8a5edb75f82a}</UniqueIdentifier>
    </Filter>
    <Filter Include="Node\Holder">
      <UniqueIdentifier>{674c1816-4f5e-45ee-93b1-c7f39efe98f1}</UniqueIdentifier>
    </Filter>
    <Filter Include="Node\FunctionSource">
      <UniqueIdentifier>{cf271fa4-9f2f-4d3d-b7e1-5e4deb7aa467}</UniqueIdentifier>
    </Filter>
    <Filter Include="Node\Dependency">
      <UniqueIdentifier>{69342598-a11c-4f05-a1eb-7133e073a316}</UniqueIdentifier>
    </Filter>
    <Filter Include="Project">
      <UniqueIdentifier>{6b574d47-3e20-4ab1-a125-7381dcd1d5e7}</UniqueIdentifier>
    </Filter>
    <Filter Include="Node\Archiver">
      <UniqueIdentifier>{ec3d23cd-0966-4bcd-b969-9577b28ee20e}</UniqueIdentifier>
    </Filter>
    <Filter Include="Node\Base">
      <UniqueIdentifier>{cd2458be-c3f6-4147-84fd-90db6a14326c}</UniqueIdentifier>
    </Filter>
    <Filter Include="Explorer">
      <UniqueIdentifier>{8ffd8384-c866-4973-a255-ac9f9f0eba07}</UniqueIdentifier>
    </Filter>
    <Filter Include="Explorer\File">
      <UniqueIdentifier>{e25c88bd-c02c-49c9-92db-5a3e764af009}</UniqueIdentifier>
    </Filter>
  </ItemGroup>
</Project>